
Microsoft Visual Studio Solution File, Format Version 12.00
# Visual Studio Version 17
VisualStudioVersion = 17.9.34607.119
MinimumVisualStudioVersion = 10.0.40219.1
Project("{FAE04EC0-301F-11D3-BF4B-00C04F79EFBC}") = "ContactHub", "ContactHub\ContactHub.csproj", "{FBA2CF4F-E516-46DF-817F-805DAD2A4CE5}"
EndProject
Global
	GlobalSection(SolutionConfigurationPlatforms) = preSolution
		Debug|Any CPU = Debug|Any CPU
		Release|Any CPU = Release|Any CPU
	EndGlobalSection
	GlobalSection(ProjectConfigurationPlatforms) = postSolution
		{FBA2CF4F-E516-46DF-817F-805DAD2A4CE5}.Debug|Any CPU.ActiveCfg = Debug|Any CPU
		{FBA2CF4F-E516-46DF-817F-805DAD2A4CE5}.Debug|Any CPU.Build.0 = Debug|Any CPU
		{FBA2CF4F-E516-46DF-817F-805DAD2A4CE5}.Release|Any CPU.ActiveCfg = Release|Any CPU
		{FBA2CF4F-E516-46DF-817F-805DAD2A4CE5}.Release|Any CPU.Build.0 = Release|Any CPU
	EndGlobalSection
	GlobalSection(SolutionProperties) = preSolution
		HideSolutionNode = FALSE
	EndGlobalSection
	GlobalSection(ExtensibilityGlobals) = postSolution
		SolutionGuid = {67D487AD-ABAA-435F-A03A-652B1C6FAE14}
	EndGlobalSection
EndGlobal
